// !$*UTF8*$!
{
	archiveVersion = 1;
	classes = {
	};
	objectVersion = 46;
	objects = {

/* Begin PBXBuildFile section */
		4332EA291D33E7740008DFFD /* main.m in Sources */ = {isa = PBXBuildFile; fileRef = 4332EA281D33E7740008DFFD /* main.m */; };
		4332EA2C1D33E7740008DFFD /* AppDelegate.m in Sources */ = {isa = PBXBuildFile; fileRef = 4332EA2B1D33E7740008DFFD /* AppDelegate.m */; };
		4332EA2F1D33E7740008DFFD /* ViewController.m in Sources */ = {isa = PBXBuildFile; fileRef = 4332EA2E1D33E7740008DFFD /* ViewController.m */; };
		4332EA321D33E7740008DFFD /* Main.storyboard in Resources */ = {isa = PBXBuildFile; fileRef = 4332EA301D33E7740008DFFD /* Main.storyboard */; };
		4332EA341D33E7740008DFFD /* Assets.xcassets in Resources */ = {isa = PBXBuildFile; fileRef = 4332EA331D33E7740008DFFD /* Assets.xcassets */; };
		4332EA371D33E7740008DFFD /* LaunchScreen.storyboard in Resources */ = {isa = PBXBuildFile; fileRef = 4332EA351D33E7740008DFFD /* LaunchScreen.storyboard */; };
/* End PBXBuildFile section */

/* Begin PBXFileReference section */
		4332EA241D33E7740008DFFD /* swift.app */ = {isa = PBXFileReference; explicitFileType = wrapper.application; includeInIndex = 0; path = swift.app; sourceTree = BUILT_PRODUCTS_DIR; };
		4332EA281D33E7740008DFFD /* main.m */ = {isa = PBXFileReference; lastKnownFileType = sourcecode.c.objc; path = main.m; sourceTree = "<group>"; };
		4332EA2A1D33E7740008DFFD /* AppDelegate.h */ = {isa = PBXFileReference; lastKnownFileType = sourcecode.c.h; path = AppDelegate.h; sourceTree = "<group>"; };
		4332EA2B1D33E7740008DFFD /* AppDelegate.m */ = {isa = PBXFileReference; lastKnownFileType = sourcecode.c.objc; path = AppDelegate.m; sourceTree = "<group>"; };
		4332EA2D1D33E7740008DFFD /* ViewController.h */ = {isa = PBXFileReference; lastKnownFileType = sourcecode.c.h; path = ViewController.h; sourceTree = "<group>"; };
		4332EA2E1D33E7740008DFFD /* ViewController.m */ = {isa = PBXFileReference; lastKnownFileType = sourcecode.c.objc; path = ViewController.m; sourceTree = "<group>"; };
		4332EA311D33E7740008DFFD /* Base */ = {isa = PBXFileReference; lastKnownFileType = file.storyboard; name = Base; path = Base.lproj/Main.storyboard; sourceTree = "<group>"; };
		4332EA331D33E7740008DFFD /* Assets.xcassets */ = {isa = PBXFileReference; lastKnownFileType = folder.assetcatalog; path = Assets.xcassets; sourceTree = "<group>"; };
		4332EA361D33E7740008DFFD /* Base */ = {isa = PBXFileReference; lastKnownFileType = file.storyboard; name = Base; path = Base.lproj/LaunchScreen.storyboard; sourceTree = "<group>"; };
		4332EA381D33E7740008DFFD /* Info.plist */ = {isa = PBXFileReference; lastKnownFileType = text.plist.xml; path = Info.plist; sourceTree = "<group>"; };
		4332EA3E1D33E78A0008DFFD /* MyPlayground.playground */ = {isa = PBXFileReference; lastKnownFileType = file.playground; path = MyPlayground.playground; sourceTree = "<group>"; };
/* End PBXFileReference section */

/* Begin PBXFrameworksBuildPhase section */
		4332EA211D33E7740008DFFD /* Frameworks */ = {
			isa = PBXFrameworksBuildPhase;
			buildActionMask = 2147483647;
			files = (
			);
			runOnlyForDeploymentPostprocessing = 0;
		};
/* End PBXFrameworksBuildPhase section */

/* Begin PBXGroup section */
		4332EA1B1D33E7740008DFFD = {
			isa = PBXGroup;
			children = (
				4332EA261D33E7740008DFFD /* swift */,
				4332EA251D33E7740008DFFD /* Products */,
			);
			sourceTree = "<group>";
		};
		4332EA251D33E7740008DFFD /* Products */ = {
			isa = PBXGroup;
			children = (
				4332EA241D33E7740008DFFD /* swift.app */,
			);
			name = Products;
			sourceTree = "<group>";
		};
		4332EA261D33E7740008DFFD /* swift */ = {
			isa = PBXGroup;
			children = (
				4332EA2A1D33E7740008DFFD /* AppDelegate.h */,
				4332EA2B1D33E7740008DFFD /* AppDelegate.m */,
				4332EA2D1D33E7740008DFFD /* ViewController.h */,
				4332EA2E1D33E7740008DFFD /* ViewController.m */,
				4332EA301D33E7740008DFFD /* Main.storyboard */,
				4332EA3E1D33E78A0008DFFD /* MyPlayground.playground */,
				4332EA331D33E7740008DFFD /* Assets.xcassets */,
				4332EA351D33E7740008DFFD /* LaunchScreen.storyboard */,
				4332EA381D33E7740008DFFD /* Info.plist */,
				4332EA271D33E7740008DFFD /* Supporting Files */,
			);
			path = swift;
			sourceTree = "<group>";
		};
		4332EA271D33E7740008DFFD /* Supporting Files */ = {
			isa = PBXGroup;
			children = (
				4332EA281D33E7740008DFFD /* main.m */,
			);
			name = "Supporting Files";
			sourceTree = "<group>";
		};
/* End PBXGroup section */

/* Begin PBXNativeTarget section */
		4332EA231D33E7740008DFFD /* swift */ = {
			isa = PBXNativeTarget;
			buildConfigurationList = 4332EA3B1D33E7740008DFFD /* Build configuration list for PBXNativeTarget "swift" */;
			buildPhases = (
				4332EA201D33E7740008DFFD /* Sources */,
				4332EA211D33E7740008DFFD /* Frameworks */,
				4332EA221D33E7740008DFFD /* Resources */,
			);
			buildRules = (
			);
			dependencies = (
			);
			name = swift;
			productName = swift;
			productReference = 4332EA241D33E7740008DFFD /* swift.app */;
			productType = "com.apple.product-type.application";
		};
/* End PBXNativeTarget section */

/* Begin PBXProject section */
		4332EA1C1D33E7740008DFFD /* Project object */ = {
			isa = PBXProject;
			attributes = {
				LastUpgradeCheck = 0730;
				ORGANIZATIONNAME = "Carson Capper";
				TargetAttributes = {
					4332EA231D33E7740008DFFD = {
						CreatedOnToolsVersion = 7.3.1;
					};
				};
			};
			buildConfigurationList = 4332EA1F1D33E7740008DFFD /* Build configuration list for PBXProject "swift" */;
			compatibilityVersion = "Xcode 3.2";
			developmentRegion = English;
			hasScannedForEncodings = 0;
			knownRegions = (
				en,
				Base,
			);
			mainGroup = 4332EA1B1D33E7740008DFFD;
			productRefGroup = 4332EA251D33E7740008DFFD /* Products */;
			projectDirPath = "";
			projectRoot = "";
			targets = (
				4332EA231D33E7740008DFFD /* swift */,
			);
		};
/* End PBXProject section */

/* Begin PBXResourcesBuildPhase section */
		4332EA221D33E7740008DFFD /* Resources */ = {
			isa = PBXResourcesBuildPhase;
			buildActionMask = 2147483647;
			files = (
				4332EA371D33E7740008DFFD /* LaunchScreen.storyboard in Resources */,
				4332EA341D33E7740008DFFD /* Assets.xcassets in Resources */,
				4332EA321D33E7740008DFFD /* Main.storyboard in Resources */,
			);
			runOnlyForDeploymentPostprocessing = 0;
		};
/* End PBXResourcesBuildPhase section */

/* Begin PBXSourcesBuildPhase section */
		4332EA201D33E7740008DFFD /* Sources */ = {
			isa = PBXSourcesBuildPhase;
			buildActionMask = 2147483647;
			files = (
				4332EA2F1D33E7740008DFFD /* ViewController.m in Sources */,
				4332EA2C1D33E7740008DFFD /* AppDelegate.m in Sources */,
				4332EA291D33E7740008DFFD /* main.m in Sources */,
			);
			runOnlyForDeploymentPostprocessing = 0;
		};
/* End PBXSourcesBuildPhase section */

/* Begin PBXVariantGroup section */
		4332EA301D33E7740008DFFD /* Main.storyboard */ = {
			isa = PBXVariantGroup;
			children = (
				4332EA311D33E7740008DFFD /* Base */,
			);
			name = Main.storyboard;
			sourceTree = "<group>";
		};
		4332EA351D33E7740008DFFD /* LaunchScreen.storyboard */ = {
			isa = PBXVariantGroup;
			children = (
				4332EA361D33E7740008DFFD /* Base */,
			);
			name = LaunchScreen.storyboard;
			sourceTree = "<group>";
		};
/* End PBXVariantGroup section */

/* Begin XCBuildConfiguration section */
		4332EA391D33E7740008DFFD /* Debug */ = {
			isa = XCBuildConfiguration;
			buildSettings = {
				ALWAYS_SEARCH_USER_PATHS = NO;
				CLANG_ANALYZER_NONNULL = YES;
				CLANG_CXX_LANGUAGE_STANDARD = "gnu++0x";
				CLANG_CXX_LIBRARY = "libc++";
				CLANG_ENABLE_MODULES = YES;
				CLANG_ENABLE_OBJC_ARC = YES;
				CLANG_WARN_BOOL_CONVERSION = YES;
				CLANG_WARN_CONSTANT_CONVERSION = YES;
				CLANG_WARN_DIRECT_OBJC_ISA_USAGE = YES_ERROR;
				CLANG_WARN_EMPTY_BODY = YES;
				CLANG_WARN_ENUM_CONVERSION = YES;
				CLANG_WARN_INT_CONVERSION = YES;
				CLANG_WARN_OBJC_ROOT_CLASS = YES_ERROR;
				CLANG_WARN_UNREACHABLE_CODE = YES;
				CLANG_WARN__DUPLICATE_METHOD_MATCH = YES;
				"CODE_SIGN_IDENTITY[sdk=iphoneos*]" = "iPhone Developer";
				COPY_PHASE_STRIP = NO;
				DEBUG_INFORMATION_FORMAT = dwarf;
				ENABLE_STRICT_OBJC_MSGSEND = YES;
				ENABLE_TESTABILITY = YES;
				GCC_C_LANGUAGE_STANDARD = gnu99;
				GCC_DYNAMIC_NO_PIC = NO;
				GCC_NO_COMMON_BLOCKS = YES;
				GCC_OPTIMIZATION_LEVEL = 0;
				GCC_PREPROCESSOR_DEFINITIONS = (
					"DEBUG=1",
					"$(inherited)",
				);
				GCC_WARN_64_TO_32_BIT_CONVERSION = YES;
				GCC_WARN_ABOUT_RETURN_TYPE = YES_ERROR;
				GCC_WARN_UNDECLARED_SELECTOR = YES;
				GCC_WARN_UNINITIALIZED_AUTOS = YES_AGGRESSIVE;
				GCC_WARN_UNUSED_FUNCTION = YES;
				GCC_WARN_UNUSED_VARIABLE = YES;
				IPHONEOS_DEPLOYMENT_TARGET = 9.3;
				MTL_ENABLE_DEBUG_INFO = YES;
				ONLY_ACTIVE_ARCH = YES;
				SDKROOT = iphoneos;
				TARGETED_DEVICE_FAMILY = "1,2";
			};
			name = Debug;
		};
		4332EA3A1D33E7740008DFFD /* Release */ = {
			isa = XCBuildConfiguration;
			buildSettings = {
				ALWAYS_SEARCH_USER_PATHS = NO;
				CLANG_ANALYZER_NONNULL = YES;
				CLANG_CXX_LANGUAGE_STANDARD = "gnu++0x";
				CLANG_CXX_LIBRARY = "libc++";
				CLANG_ENABLE_MODULES = YES;
				CLANG_ENABLE_OBJC_ARC = YES;
				CLANG_WARN_BOOL_CONVERSION = YES;
				CLANG_WARN_CONSTANT_CONVERSION = YES;
				CLANG_WARN_DIRECT_OBJC_ISA_USAGE = YES_ERROR;
				CLANG_WARN_EMPTY_BODY = YES;
				CLANG_WARN_ENUM_CONVERSION = YES;
				CLANG_WARN_INT_CONVERSION = YES;
				CLANG_WARN_OBJC_ROOT_CLASS = YES_ERROR;
				CLANG_WARN_UNREACHABLE_CODE = YES;
				CLANG_WARN__DUPLICATE_METHOD_MATCH = YES;
				"CODE_SIGN_IDENTITY[sdk=iphoneos*]" = "iPhone Developer";
				COPY_PHASE_STRIP = NO;
				DEBUG_INFORMATION_FORMAT = "dwarf-with-dsym";
				ENABLE_NS_ASSERTIONS = NO;
				ENABLE_STRICT_OBJC_MSGSEND = YES;
				GCC_C_LANGUAGE_STANDARD = gnu99;
				GCC_NO_COMMON_BLOCKS = YES;
				GCC_WARN_64_TO_32_BIT_CONVERSION = YES;
				GCC_WARN_ABOUT_RETURN_TYPE = YES_ERROR;
				GCC_WARN_UNDECLARED_SELECTOR = YES;
				GCC_WARN_UNINITIALIZED_AUTOS = YES_AGGRESSIVE;
				GCC_WARN_UNUSED_FUNCTION = YES;
				GCC_WARN_UNUSED_VARIABLE = YES;
				IPHONEOS_DEPLOYMENT_TARGET = 9.3;
				MTL_ENABLE_DEBUG_INFO = NO;
				SDKROOT = iphoneos;
				TARGETED_DEVICE_FAMILY = "1,2";
				VALIDATE_PRODUCT = YES;
			};
			name = Release;
		};
		4332EA3C1D33E7740008DFFD /* Debug */ = {
			isa = XCBuildConfiguration;
			buildSettings = {
				ASSETCATALOG_COMPILER_APPICON_NAME = AppIcon;
				INFOPLIST_FILE = swift/Info.plist;
				LD_RUNPATH_SEARCH_PATHS = "$(inherited) @executable_path/Frameworks";
				PRODUCT_BUNDLE_IDENTIFIER = orgID.swift;
				PRODUCT_NAME = "$(TARGET_NAME)";
			};
			name = Debug;
		};
		4332EA3D1D33E7740008DFFD /* Release */ = {
			isa = XCBuildConfiguration;
			buildSettings = {
				ASSETCATALOG_COMPILER_APPICON_NAME = AppIcon;
				INFOPLIST_FILE = swift/Info.plist;
				LD_RUNPATH_SEARCH_PATHS = "$(inherited) @executable_path/Frameworks";
				PRODUCT_BUNDLE_IDENTIFIER = orgID.swift;
				PRODUCT_NAME = "$(TARGET_NAME)";
			};
			name = Release;
		};
/* End XCBuildConfiguration section */

/* Begin XCConfigurationList section */
		4332EA1F1D33E7740008DFFD /* Build configuration list for PBXProject "swift" */ = {
			isa = XCConfigurationList;
			buildConfigurations = (
				4332EA391D33E7740008DFFD /* Debug */,
				4332EA3A1D33E7740008DFFD /* Release */,
			);
			defaultConfigurationIsVisible = 0;
			defaultConfigurationName = Release;
		};
		4332EA3B1D33E7740008DFFD /* Build configuration list for PBXNativeTarget "swift" */ = {
			isa = XCConfigurationList;
			buildConfigurations = (
				4332EA3C1D33E7740008DFFD /* Debug */,
				4332EA3D1D33E7740008DFFD /* Release */,
			);
			defaultConfigurationIsVisible = 0;
		};
/* End XCConfigurationList section */
	};
	rootObject = 4332EA1C1D33E7740008DFFD /* Project object */;
}
